{
  "name": "md-hierarchical-parser",
  "version": "1.0.0",
  "lockfileVersion": 1,
  "requires": true,
  "dependencies": {
    "dbly-linked-list": {
      "version": "0.2.0",
      "resolved": "https://registry.npmjs.org/dbly-linked-list/-/dbly-linked-list-0.2.0.tgz",
      "integrity": "sha512-Ool7y15f6JRDs0YKx7Dh9uiTb1jS1SZLNdT3Y2q16DlaEghXbMsmODS/XittjR2xztt1gJUpz7jVxpqAPF8VGg==",
      "requires": {
        "lodash.isequal": "^4.5.0"
      }
    },
    "lodash.isequal": {
      "version": "4.5.0",
      "resolved": "https://registry.npmjs.org/lodash.isequal/-/lodash.isequal-4.5.0.tgz",
      "integrity": "sha1-QVxEePK8wwEgwizhDtMib30+GOA="
    },
    "md-mdast": {
      "version": "3.4.0",
      "resolved": "https://registry.npmjs.org/md-mdast/-/md-mdast-3.4.0.tgz",
      "integrity": "sha512-Fqm4xSEouDDDSkbW96rSdU8iDd4iYH6rMwsvFur5kB2OZx7BKbEkV0rxe2ZxjA2z/MA4D8LxKTtVDRN4D9BhnQ=="
    },
    "stack-lifo": {
      "version": "0.1.6",
      "resolved": "https://registry.npmjs.org/stack-lifo/-/stack-lifo-0.1.6.tgz",
      "integrity": "sha512-fNXXK6AHbOIExOtJYPb1RlP8OXQr8tlpDNP5I78ZId9uK+MDCcDAkwGWTDACYLXAwOhaKLTYwkoSOihAt+/cLg==",
      "requires": {
        "dbly-linked-list": "0.2.0"
      }
    }
  }
}
