{
  "name": "md-hierarchical-parser",
  "version": "1.0.0",
  "lockfileVersion": 1,
  "requires": true,
  "dependencies": {
    "md-mdast": {
      "version": "3.4.0",
      "resolved": "https://registry.npmjs.org/md-mdast/-/md-mdast-3.4.0.tgz",
      "integrity": "sha512-Fqm4xSEouDDDSkbW96rSdU8iDd4iYH6rMwsvFur5kB2OZx7BKbEkV0rxe2ZxjA2z/MA4D8LxKTtVDRN4D9BhnQ=="
    }
  }
}
